
Microsoft Visual Studio Solution File, Format Version 12.00
# Visual Studio Version 17
VisualStudioVersion = 17.6.33815.320
MinimumVisualStudioVersion = 10.0.40219.1
Project("{FAE04EC0-301F-11D3-BF4B-00C04F79EFBC}") = "WebApplication1", "WebApplication1\WebApplication1.csproj", "{294888AD-157C-4D5F-B38F-46AE857E2E3B}"
EndProject
Global
	GlobalSection(SolutionConfigurationPlatforms) = preSolution
		Debug|Any CPU = Debug|Any CPU
		Release|Any CPU = Release|Any CPU
	EndGlobalSection
	GlobalSection(ProjectConfigurationPlatforms) = postSolution
		{294888AD-157C-4D5F-B38F-46AE857E2E3B}.Debug|Any CPU.ActiveCfg = Debug|Any CPU
		{294888AD-157C-4D5F-B38F-46AE857E2E3B}.Debug|Any CPU.Build.0 = Debug|Any CPU
		{294888AD-157C-4D5F-B38F-46AE857E2E3B}.Release|Any CPU.ActiveCfg = Release|Any CPU
		{294888AD-157C-4D5F-B38F-46AE857E2E3B}.Release|Any CPU.Build.0 = Release|Any CPU
	EndGlobalSection
	GlobalSection(SolutionProperties) = preSolution
		HideSolutionNode = FALSE
	EndGlobalSection
	GlobalSection(ExtensibilityGlobals) = postSolution
		SolutionGuid = {2E3FC2E6-0712-4A17-8FAA-5C988C89F01C}
	EndGlobalSection
EndGlobal
